
Microsoft Visual Studio Solution File, Format Version 12.00
# Visual Studio Version 16
VisualStudioVersion = 16.0.29911.84
MinimumVisualStudioVersion = 10.0.40219.1
Project("{9A19103F-16F7-4668-BE54-9A1E7A4F7556}") = "NetCoreServer", "NetCoreServer.csproj", "{F715AF1B-B7CE-44F6-BDAA-8ADBC7194E34}"
EndProject
Project("{9A19103F-16F7-4668-BE54-9A1E7A4F7556}") = "NetCoreClient", "..\NetCoreClient\NetCoreClient.csproj", "{03ECE1A4-5AB8-4ABB-8F9F-3C607A451CE2}"
EndProject
Global
	GlobalSection(SolutionConfigurationPlatforms) = preSolution
		Debug|Any CPU = Debug|Any CPU
		Release|Any CPU = Release|Any CPU
	EndGlobalSection
	GlobalSection(ProjectConfigurationPlatforms) = postSolution
		{F715AF1B-B7CE-44F6-BDAA-8ADBC7194E34}.Debug|Any CPU.ActiveCfg = Debug|Any CPU
		{F715AF1B-B7CE-44F6-BDAA-8ADBC7194E34}.Debug|Any CPU.Build.0 = Debug|Any CPU
		{F715AF1B-B7CE-44F6-BDAA-8ADBC7194E34}.Release|Any CPU.ActiveCfg = Release|Any CPU
		{F715AF1B-B7CE-44F6-BDAA-8ADBC7194E34}.Release|Any CPU.Build.0 = Release|Any CPU
		{03ECE1A4-5AB8-4ABB-8F9F-3C607A451CE2}.Debug|Any CPU.ActiveCfg = Debug|Any CPU
		{03ECE1A4-5AB8-4ABB-8F9F-3C607A451CE2}.Debug|Any CPU.Build.0 = Debug|Any CPU
		{03ECE1A4-5AB8-4ABB-8F9F-3C607A451CE2}.Release|Any CPU.ActiveCfg = Release|Any CPU
		{03ECE1A4-5AB8-4ABB-8F9F-3C607A451CE2}.Release|Any CPU.Build.0 = Release|Any CPU
	EndGlobalSection
	GlobalSection(SolutionProperties) = preSolution
		HideSolutionNode = FALSE
	EndGlobalSection
	GlobalSection(ExtensibilityGlobals) = postSolution
		SolutionGuid = {C2D22455-99E1-4C50-9ADB-8DE01CC467D4}
	EndGlobalSection
EndGlobal
